// !$*UTF8*$!
{
	archiveVersion = 1;
	classes = {
	};
	objectVersion = 50;
	objects = {

/* Begin PBXBuildFile section */
		969E193A21878AFC00413EE4 /* AppDelegate.swift in Sources */ = {isa = PBXBuildFile; fileRef = 969E193921878AFC00413EE4 /* AppDelegate.swift */; };
		969E193C21878AFC00413EE4 /* ViewController.swift in Sources */ = {isa = PBXBuildFile; fileRef = 969E193B21878AFC00413EE4 /* ViewController.swift */; };
		969E193F21878AFC00413EE4 /* Main.storyboard in Resources */ = {isa = PBXBuildFile; fileRef = 969E193D21878AFC00413EE4 /* Main.storyboard */; };
		969E194121878AFD00413EE4 /* Assets.xcassets in Resources */ = {isa = PBXBuildFile; fileRef = 969E194021878AFD00413EE4 /* Assets.xcassets */; };
		969E194421878AFD00413EE4 /* LaunchScreen.storyboard in Resources */ = {isa = PBXBuildFile; fileRef = 969E194221878AFD00413EE4 /* LaunchScreen.storyboard */; };
		969E195A21878C1000413EE4 /* DismissMenuAnimator.swift in Sources */ = {isa = PBXBuildFile; fileRef = 969E195121878C1000413EE4 /* DismissMenuAnimator.swift */; };
		969E195B21878C1000413EE4 /* PresentMenuAnimator.swift in Sources */ = {isa = PBXBuildFile; fileRef = 969E195221878C1000413EE4 /* PresentMenuAnimator.swift */; };
		969E195E21878C1000413EE4 /* MenuHelper.swift in Sources */ = {isa = PBXBuildFile; fileRef = 969E195621878C1000413EE4 /* MenuHelper.swift */; };
		969E195F21878C1000413EE4 /* Interactor.swift in Sources */ = {isa = PBXBuildFile; fileRef = 969E195721878C1000413EE4 /* Interactor.swift */; };
		969E196021878C1000413EE4 /* MenuViewController.swift in Sources */ = {isa = PBXBuildFile; fileRef = 969E195821878C1000413EE4 /* MenuViewController.swift */; };
		96E5DAC6218798C600A48522 /* MenuCell.swift in Sources */ = {isa = PBXBuildFile; fileRef = 96E5DAC5218798C500A48522 /* MenuCell.swift */; };
		96E5DACA21879C0E00A48522 /* MainVC.swift in Sources */ = {isa = PBXBuildFile; fileRef = 96E5DAC921879C0E00A48522 /* MainVC.swift */; };
		96E5DACC21879D0D00A48522 /* MenuActionsVC.swift in Sources */ = {isa = PBXBuildFile; fileRef = 96E5DACB21879D0D00A48522 /* MenuActionsVC.swift */; };
		96E5DACE21879DB400A48522 /* MenuVC.swift in Sources */ = {isa = PBXBuildFile; fileRef = 96E5DACD21879DB400A48522 /* MenuVC.swift */; };
/* End PBXBuildFile section */

/* Begin PBXFileReference section */
		969E193621878AFC00413EE4 /* BaseProject.app */ = {isa = PBXFileReference; explicitFileType = wrapper.application; includeInIndex = 0; path = BaseProject.app; sourceTree = BUILT_PRODUCTS_DIR; };
		969E193921878AFC00413EE4 /* AppDelegate.swift */ = {isa = PBXFileReference; lastKnownFileType = sourcecode.swift; path = AppDelegate.swift; sourceTree = "<group>"; };
		969E193B21878AFC00413EE4 /* ViewController.swift */ = {isa = PBXFileReference; lastKnownFileType = sourcecode.swift; path = ViewController.swift; sourceTree = "<group>"; };
		969E193E21878AFC00413EE4 /* Base */ = {isa = PBXFileReference; lastKnownFileType = file.storyboard; name = Base; path = Base.lproj/Main.storyboard; sourceTree = "<group>"; };
		969E194021878AFD00413EE4 /* Assets.xcassets */ = {isa = PBXFileReference; lastKnownFileType = folder.assetcatalog; path = Assets.xcassets; sourceTree = "<group>"; };
		969E194321878AFD00413EE4 /* Base */ = {isa = PBXFileReference; lastKnownFileType = file.storyboard; name = Base; path = Base.lproj/LaunchScreen.storyboard; sourceTree = "<group>"; };
		969E194521878AFD00413EE4 /* Info.plist */ = {isa = PBXFileReference; lastKnownFileType = text.plist.xml; path = Info.plist; sourceTree = "<group>"; };
		969E195121878C1000413EE4 /* DismissMenuAnimator.swift */ = {isa = PBXFileReference; fileEncoding = 4; lastKnownFileType = sourcecode.swift; path = DismissMenuAnimator.swift; sourceTree = "<group>"; };
		969E195221878C1000413EE4 /* PresentMenuAnimator.swift */ = {isa = PBXFileReference; fileEncoding = 4; lastKnownFileType = sourcecode.swift; path = PresentMenuAnimator.swift; sourceTree = "<group>"; };
		969E195621878C1000413EE4 /* MenuHelper.swift */ = {isa = PBXFileReference; fileEncoding = 4; lastKnownFileType = sourcecode.swift; path = MenuHelper.swift; sourceTree = "<group>"; };
		969E195721878C1000413EE4 /* Interactor.swift */ = {isa = PBXFileReference; fileEncoding = 4; lastKnownFileType = sourcecode.swift; path = Interactor.swift; sourceTree = "<group>"; };
		969E195821878C1000413EE4 /* MenuViewController.swift */ = {isa = PBXFileReference; fileEncoding = 4; lastKnownFileType = sourcecode.swift; path = MenuViewController.swift; sourceTree = "<group>"; };
		96E5DAC5218798C500A48522 /* MenuCell.swift */ = {isa = PBXFileReference; fileEncoding = 4; lastKnownFileType = sourcecode.swift; path = MenuCell.swift; sourceTree = "<group>"; };
		96E5DAC921879C0E00A48522 /* MainVC.swift */ = {isa = PBXFileReference; lastKnownFileType = sourcecode.swift; path = MainVC.swift; sourceTree = "<group>"; };
		96E5DACB21879D0D00A48522 /* MenuActionsVC.swift */ = {isa = PBXFileReference; lastKnownFileType = sourcecode.swift; path = MenuActionsVC.swift; sourceTree = "<group>"; };
		96E5DACD21879DB400A48522 /* MenuVC.swift */ = {isa = PBXFileReference; lastKnownFileType = sourcecode.swift; path = MenuVC.swift; sourceTree = "<group>"; };
/* End PBXFileReference section */

/* Begin PBXFrameworksBuildPhase section */
		969E193321878AFC00413EE4 /* Frameworks */ = {
			isa = PBXFrameworksBuildPhase;
			buildActionMask = 2147483647;
			files = (
			);
			runOnlyForDeploymentPostprocessing = 0;
		};
/* End PBXFrameworksBuildPhase section */

/* Begin PBXGroup section */
		969E192D21878AFC00413EE4 = {
			isa = PBXGroup;
			children = (
				969E193821878AFC00413EE4 /* BaseProject */,
				969E193721878AFC00413EE4 /* Products */,
			);
			sourceTree = "<group>";
		};
		969E193721878AFC00413EE4 /* Products */ = {
			isa = PBXGroup;
			children = (
				969E193621878AFC00413EE4 /* BaseProject.app */,
			);
			name = Products;
			sourceTree = "<group>";
		};
		969E193821878AFC00413EE4 /* BaseProject */ = {
			isa = PBXGroup;
			children = (
				969E194021878AFD00413EE4 /* Assets.xcassets */,
				969E194C21878B5900413EE4 /* Main View */,
				969E194B21878B1300413EE4 /* Support Files */,
				969E194D21878B6D00413EE4 /* Tools */,
			);
			path = BaseProject;
			sourceTree = "<group>";
		};
		969E194B21878B1300413EE4 /* Support Files */ = {
			isa = PBXGroup;
			children = (
				969E194521878AFD00413EE4 /* Info.plist */,
				969E194221878AFD00413EE4 /* LaunchScreen.storyboard */,
				969E193921878AFC00413EE4 /* AppDelegate.swift */,
			);
			path = "Support Files";
			sourceTree = "<group>";
		};
		969E194C21878B5900413EE4 /* Main View */ = {
			isa = PBXGroup;
			children = (
				96E5DAC921879C0E00A48522 /* MainVC.swift */,
				969E193B21878AFC00413EE4 /* ViewController.swift */,
				969E193D21878AFC00413EE4 /* Main.storyboard */,
				969E194E21878C1000413EE4 /* Menu Files */,
			);
			path = "Main View";
			sourceTree = "<group>";
		};
		969E194D21878B6D00413EE4 /* Tools */ = {
			isa = PBXGroup;
			children = (
			);
			path = Tools;
			sourceTree = "<group>";
		};
		969E194E21878C1000413EE4 /* Menu Files */ = {
			isa = PBXGroup;
			children = (
				96E5DACB21879D0D00A48522 /* MenuActionsVC.swift */,
				96E5DAC5218798C500A48522 /* MenuCell.swift */,
				969E195821878C1000413EE4 /* MenuViewController.swift */,
				969E195021878C1000413EE4 /* Animators */,
				969E195521878C1000413EE4 /* Helpers */,
				96E5DACD21879DB400A48522 /* MenuVC.swift */,
			);
			path = "Menu Files";
			sourceTree = "<group>";
		};
		969E195021878C1000413EE4 /* Animators */ = {
			isa = PBXGroup;
			children = (
				969E195121878C1000413EE4 /* DismissMenuAnimator.swift */,
				969E195221878C1000413EE4 /* PresentMenuAnimator.swift */,
			);
			path = Animators;
			sourceTree = "<group>";
		};
		969E195521878C1000413EE4 /* Helpers */ = {
			isa = PBXGroup;
			children = (
				969E195621878C1000413EE4 /* MenuHelper.swift */,
				969E195721878C1000413EE4 /* Interactor.swift */,
			);
			path = Helpers;
			sourceTree = "<group>";
		};
/* End PBXGroup section */

/* Begin PBXNativeTarget section */
		969E193521878AFC00413EE4 /* BaseProject */ = {
			isa = PBXNativeTarget;
			buildConfigurationList = 969E194821878AFD00413EE4 /* Build configuration list for PBXNativeTarget "BaseProject" */;
			buildPhases = (
				969E193221878AFC00413EE4 /* Sources */,
				969E193321878AFC00413EE4 /* Frameworks */,
				969E193421878AFC00413EE4 /* Resources */,
			);
			buildRules = (
			);
			dependencies = (
			);
			name = BaseProject;
			productName = BaseProject;
			productReference = 969E193621878AFC00413EE4 /* BaseProject.app */;
			productType = "com.apple.product-type.application";
		};
/* End PBXNativeTarget section */

/* Begin PBXProject section */
		969E192E21878AFC00413EE4 /* Project object */ = {
			isa = PBXProject;
			attributes = {
				LastSwiftUpdateCheck = 1000;
				LastUpgradeCheck = 1000;
				ORGANIZATIONNAME = "David Galán";
				TargetAttributes = {
					969E193521878AFC00413EE4 = {
						CreatedOnToolsVersion = 10.0;
					};
				};
			};
			buildConfigurationList = 969E193121878AFC00413EE4 /* Build configuration list for PBXProject "BaseProject" */;
			compatibilityVersion = "Xcode 9.3";
			developmentRegion = en;
			hasScannedForEncodings = 0;
			knownRegions = (
				en,
				Base,
			);
			mainGroup = 969E192D21878AFC00413EE4;
			productRefGroup = 969E193721878AFC00413EE4 /* Products */;
			projectDirPath = "";
			projectRoot = "";
			targets = (
				969E193521878AFC00413EE4 /* BaseProject */,
			);
		};
/* End PBXProject section */

/* Begin PBXResourcesBuildPhase section */
		969E193421878AFC00413EE4 /* Resources */ = {
			isa = PBXResourcesBuildPhase;
			buildActionMask = 2147483647;
			files = (
				969E194421878AFD00413EE4 /* LaunchScreen.storyboard in Resources */,
				969E194121878AFD00413EE4 /* Assets.xcassets in Resources */,
				969E193F21878AFC00413EE4 /* Main.storyboard in Resources */,
			);
			runOnlyForDeploymentPostprocessing = 0;
		};
/* End PBXResourcesBuildPhase section */

/* Begin PBXSourcesBuildPhase section */
		969E193221878AFC00413EE4 /* Sources */ = {
			isa = PBXSourcesBuildPhase;
			buildActionMask = 2147483647;
			files = (
				969E195E21878C1000413EE4 /* MenuHelper.swift in Sources */,
				969E196021878C1000413EE4 /* MenuViewController.swift in Sources */,
				969E195A21878C1000413EE4 /* DismissMenuAnimator.swift in Sources */,
				96E5DACA21879C0E00A48522 /* MainVC.swift in Sources */,
				96E5DACC21879D0D00A48522 /* MenuActionsVC.swift in Sources */,
				969E195F21878C1000413EE4 /* Interactor.swift in Sources */,
				96E5DACE21879DB400A48522 /* MenuVC.swift in Sources */,
				96E5DAC6218798C600A48522 /* MenuCell.swift in Sources */,
				969E193C21878AFC00413EE4 /* ViewController.swift in Sources */,
				969E195B21878C1000413EE4 /* PresentMenuAnimator.swift in Sources */,
				969E193A21878AFC00413EE4 /* AppDelegate.swift in Sources */,
			);
			runOnlyForDeploymentPostprocessing = 0;
		};
/* End PBXSourcesBuildPhase section */

/* Begin PBXVariantGroup section */
		969E193D21878AFC00413EE4 /* Main.storyboard */ = {
			isa = PBXVariantGroup;
			children = (
				969E193E21878AFC00413EE4 /* Base */,
			);
			name = Main.storyboard;
			sourceTree = "<group>";
		};
		969E194221878AFD00413EE4 /* LaunchScreen.storyboard */ = {
			isa = PBXVariantGroup;
			children = (
				969E194321878AFD00413EE4 /* Base */,
			);
			name = LaunchScreen.storyboard;
			sourceTree = "<group>";
		};
/* End PBXVariantGroup section */

/* Begin XCBuildConfiguration section */
		969E194621878AFD00413EE4 /* Debug */ = {
			isa = XCBuildConfiguration;
			buildSettings = {
				ALWAYS_SEARCH_USER_PATHS = NO;
				CLANG_ANALYZER_NONNULL = YES;
				CLANG_ANALYZER_NUMBER_OBJECT_CONVERSION = YES_AGGRESSIVE;
				CLANG_CXX_LANGUAGE_STANDARD = "gnu++14";
				CLANG_CXX_LIBRARY = "libc++";
				CLANG_ENABLE_MODULES = YES;
				CLANG_ENABLE_OBJC_ARC = YES;
				CLANG_ENABLE_OBJC_WEAK = YES;
				CLANG_WARN_BLOCK_CAPTURE_AUTORELEASING = YES;
				CLANG_WARN_BOOL_CONVERSION = YES;
				CLANG_WARN_COMMA = YES;
				CLANG_WARN_CONSTANT_CONVERSION = YES;
				CLANG_WARN_DEPRECATED_OBJC_IMPLEMENTATIONS = YES;
				CLANG_WARN_DIRECT_OBJC_ISA_USAGE = YES_ERROR;
				CLANG_WARN_DOCUMENTATION_COMMENTS = YES;
				CLANG_WARN_EMPTY_BODY = YES;
				CLANG_WARN_ENUM_CONVERSION = YES;
				CLANG_WARN_INFINITE_RECURSION = YES;
				CLANG_WARN_INT_CONVERSION = YES;
				CLANG_WARN_NON_LITERAL_NULL_CONVERSION = YES;
				CLANG_WARN_OBJC_IMPLICIT_RETAIN_SELF = YES;
				CLANG_WARN_OBJC_LITERAL_CONVERSION = YES;
				CLANG_WARN_OBJC_ROOT_CLASS = YES_ERROR;
				CLANG_WARN_RANGE_LOOP_ANALYSIS = YES;
				CLANG_WARN_STRICT_PROTOTYPES = YES;
				CLANG_WARN_SUSPICIOUS_MOVE = YES;
				CLANG_WARN_UNGUARDED_AVAILABILITY = YES_AGGRESSIVE;
				CLANG_WARN_UNREACHABLE_CODE = YES;
				CLANG_WARN__DUPLICATE_METHOD_MATCH = YES;
				CODE_SIGN_IDENTITY = "iPhone Developer";
				COPY_PHASE_STRIP = NO;
				DEBUG_INFORMATION_FORMAT = dwarf;
				ENABLE_STRICT_OBJC_MSGSEND = YES;
				ENABLE_TESTABILITY = YES;
				GCC_C_LANGUAGE_STANDARD = gnu11;
				GCC_DYNAMIC_NO_PIC = NO;
				GCC_NO_COMMON_BLOCKS = YES;
				GCC_OPTIMIZATION_LEVEL = 0;
				GCC_PREPROCESSOR_DEFINITIONS = (
					"DEBUG=1",
					"$(inherited)",
				);
				GCC_WARN_64_TO_32_BIT_CONVERSION = YES;
				GCC_WARN_ABOUT_RETURN_TYPE = YES_ERROR;
				GCC_WARN_UNDECLARED_SELECTOR = YES;
				GCC_WARN_UNINITIALIZED_AUTOS = YES_AGGRESSIVE;
				GCC_WARN_UNUSED_FUNCTION = YES;
				GCC_WARN_UNUSED_VARIABLE = YES;
				IPHONEOS_DEPLOYMENT_TARGET = 12.0;
				MTL_ENABLE_DEBUG_INFO = INCLUDE_SOURCE;
				MTL_FAST_MATH = YES;
				ONLY_ACTIVE_ARCH = YES;
				SDKROOT = iphoneos;
				SWIFT_ACTIVE_COMPILATION_CONDITIONS = DEBUG;
				SWIFT_OPTIMIZATION_LEVEL = "-Onone";
			};
			name = Debug;
		};
		969E194721878AFD00413EE4 /* Release */ = {
			isa = XCBuildConfiguration;
			buildSettings = {
				ALWAYS_SEARCH_USER_PATHS = NO;
				CLANG_ANALYZER_NONNULL = YES;
				CLANG_ANALYZER_NUMBER_OBJECT_CONVERSION = YES_AGGRESSIVE;
				CLANG_CXX_LANGUAGE_STANDARD = "gnu++14";
				CLANG_CXX_LIBRARY = "libc++";
				CLANG_ENABLE_MODULES = YES;
				CLANG_ENABLE_OBJC_ARC = YES;
				CLANG_ENABLE_OBJC_WEAK = YES;
				CLANG_WARN_BLOCK_CAPTURE_AUTORELEASING = YES;
				CLANG_WARN_BOOL_CONVERSION = YES;
				CLANG_WARN_COMMA = YES;
				CLANG_WARN_CONSTANT_CONVERSION = YES;
				CLANG_WARN_DEPRECATED_OBJC_IMPLEMENTATIONS = YES;
				CLANG_WARN_DIRECT_OBJC_ISA_USAGE = YES_ERROR;
				CLANG_WARN_DOCUMENTATION_COMMENTS = YES;
				CLANG_WARN_EMPTY_BODY = YES;
				CLANG_WARN_ENUM_CONVERSION = YES;
				CLANG_WARN_INFINITE_RECURSION = YES;
				CLANG_WARN_INT_CONVERSION = YES;
				CLANG_WARN_NON_LITERAL_NULL_CONVERSION = YES;
				CLANG_WARN_OBJC_IMPLICIT_RETAIN_SELF = YES;
				CLANG_WARN_OBJC_LITERAL_CONVERSION = YES;
				CLANG_WARN_OBJC_ROOT_CLASS = YES_ERROR;
				CLANG_WARN_RANGE_LOOP_ANALYSIS = YES;
				CLANG_WARN_STRICT_PROTOTYPES = YES;
				CLANG_WARN_SUSPICIOUS_MOVE = YES;
				CLANG_WARN_UNGUARDED_AVAILABILITY = YES_AGGRESSIVE;
				CLANG_WARN_UNREACHABLE_CODE = YES;
				CLANG_WARN__DUPLICATE_METHOD_MATCH = YES;
				CODE_SIGN_IDENTITY = "iPhone Developer";
				COPY_PHASE_STRIP = NO;
				DEBUG_INFORMATION_FORMAT = "dwarf-with-dsym";
				ENABLE_NS_ASSERTIONS = NO;
				ENABLE_STRICT_OBJC_MSGSEND = YES;
				GCC_C_LANGUAGE_STANDARD = gnu11;
				GCC_NO_COMMON_BLOCKS = YES;
				GCC_WARN_64_TO_32_BIT_CONVERSION = YES;
				GCC_WARN_ABOUT_RETURN_TYPE = YES_ERROR;
				GCC_WARN_UNDECLARED_SELECTOR = YES;
				GCC_WARN_UNINITIALIZED_AUTOS = YES_AGGRESSIVE;
				GCC_WARN_UNUSED_FUNCTION = YES;
				GCC_WARN_UNUSED_VARIABLE = YES;
				IPHONEOS_DEPLOYMENT_TARGET = 12.0;
				MTL_ENABLE_DEBUG_INFO = NO;
				MTL_FAST_MATH = YES;
				SDKROOT = iphoneos;
				SWIFT_COMPILATION_MODE = wholemodule;
				SWIFT_OPTIMIZATION_LEVEL = "-O";
				VALIDATE_PRODUCT = YES;
			};
			name = Release;
		};
		969E194921878AFD00413EE4 /* Debug */ = {
			isa = XCBuildConfiguration;
			buildSettings = {
				ASSETCATALOG_COMPILER_APPICON_NAME = AppIcon;
				CODE_SIGN_STYLE = Automatic;
				DEVELOPMENT_TEAM = DTUSCAYQM8;
				INFOPLIST_FILE = "$(SRCROOT)/BaseProject/Support Files/Info.plist";
				LD_RUNPATH_SEARCH_PATHS = (
					"$(inherited)",
					"@executable_path/Frameworks",
				);
				PRODUCT_BUNDLE_IDENTIFIER = es.studiogenesis.BaseProject;
				PRODUCT_NAME = "$(TARGET_NAME)";
				SWIFT_VERSION = 4.2;
				TARGETED_DEVICE_FAMILY = "1,2";
			};
			name = Debug;
		};
		969E194A21878AFD00413EE4 /* Release */ = {
			isa = XCBuildConfiguration;
			buildSettings = {
				ASSETCATALOG_COMPILER_APPICON_NAME = AppIcon;
				CODE_SIGN_STYLE = Automatic;
				DEVELOPMENT_TEAM = DTUSCAYQM8;
				INFOPLIST_FILE = "$(SRCROOT)/BaseProject/Support Files/Info.plist";
				LD_RUNPATH_SEARCH_PATHS = (
					"$(inherited)",
					"@executable_path/Frameworks",
				);
				PRODUCT_BUNDLE_IDENTIFIER = es.studiogenesis.BaseProject;
				PRODUCT_NAME = "$(TARGET_NAME)";
				SWIFT_VERSION = 4.2;
				TARGETED_DEVICE_FAMILY = "1,2";
			};
			name = Release;
		};
/* End XCBuildConfiguration section */

/* Begin XCConfigurationList section */
		969E193121878AFC00413EE4 /* Build configuration list for PBXProject "BaseProject" */ = {
			isa = XCConfigurationList;
			buildConfigurations = (
				969E194621878AFD00413EE4 /* Debug */,
				969E194721878AFD00413EE4 /* Release */,
			);
			defaultConfigurationIsVisible = 0;
			defaultConfigurationName = Release;
		};
		969E194821878AFD00413EE4 /* Build configuration list for PBXNativeTarget "BaseProject" */ = {
			isa = XCConfigurationList;
			buildConfigurations = (
				969E194921878AFD00413EE4 /* Debug */,
				969E194A21878AFD00413EE4 /* Release */,
			);
			defaultConfigurationIsVisible = 0;
			defaultConfigurationName = Release;
		};
/* End XCConfigurationList section */
	};
	rootObject = 969E192E21878AFC00413EE4 /* Project object */;
}
